
Microsoft Visual Studio Solution File, Format Version 12.00
# Visual Studio Version 16
VisualStudioVersion = 16.0.35026.282
MinimumVisualStudioVersion = 10.0.40219.1
Project("{FAE04EC0-301F-11D3-BF4B-00C04F79EFBC}") = "EmployeeApp_A1", "EmployeeApp_A1\EmployeeApp_A1.csproj", "{FF408950-B3D6-4674-8656-8E100A52D086}"
EndProject
Global
	GlobalSection(SolutionConfigurationPlatforms) = preSolution
		Debug|Any CPU = Debug|Any CPU
		Release|Any CPU = Release|Any CPU
	EndGlobalSection
	GlobalSection(ProjectConfigurationPlatforms) = postSolution
		{FF408950-B3D6-4674-8656-8E100A52D086}.Debug|Any CPU.ActiveCfg = Debug|Any CPU
		{FF408950-B3D6-4674-8656-8E100A52D086}.Debug|Any CPU.Build.0 = Debug|Any CPU
		{FF408950-B3D6-4674-8656-8E100A52D086}.Release|Any CPU.ActiveCfg = Release|Any CPU
		{FF408950-B3D6-4674-8656-8E100A52D086}.Release|Any CPU.Build.0 = Release|Any CPU
	EndGlobalSection
	GlobalSection(SolutionProperties) = preSolution
		HideSolutionNode = FALSE
	EndGlobalSection
	GlobalSection(ExtensibilityGlobals) = postSolution
		SolutionGuid = {4274FDEC-E6C2-4C7F-82AC-0A80013E1701}
	EndGlobalSection
EndGlobal
